
Microsoft Visual Studio Solution File, Format Version 12.00
# Visual Studio 15
VisualStudioVersion = 15.0.28307.1321
MinimumVisualStudioVersion = 10.0.40219.1
Project("{FAE04EC0-301F-11D3-BF4B-00C04F79EFBC}") = "wpfRDPControl", "wpfRDP\wpfRDPControl.csproj", "{3278C1D3-89DA-47D7-8617-CF6C88E883BF}"
EndProject
Project("{FAE04EC0-301F-11D3-BF4B-00C04F79EFBC}") = "RDPcontrol", "RDPcontrol\RDPcontrol.csproj", "{57C2E07A-6787-46DA-B8FF-231526505B74}"
EndProject
Project("{FAE04EC0-301F-11D3-BF4B-00C04F79EFBC}") = "wpfRDPShare", "wpfRDPShare\wpfRDPShare.csproj", "{235F4DE2-D2D3-4914-970A-1933A4890F6B}"
EndProject
Global
	GlobalSection(SolutionConfigurationPlatforms) = preSolution
		Debug|Any CPU = Debug|Any CPU
		Release|Any CPU = Release|Any CPU
	EndGlobalSection
	GlobalSection(ProjectConfigurationPlatforms) = postSolution
		{3278C1D3-89DA-47D7-8617-CF6C88E883BF}.Debug|Any CPU.ActiveCfg = Debug|Any CPU
		{3278C1D3-89DA-47D7-8617-CF6C88E883BF}.Debug|Any CPU.Build.0 = Debug|Any CPU
		{3278C1D3-89DA-47D7-8617-CF6C88E883BF}.Release|Any CPU.ActiveCfg = Release|Any CPU
		{3278C1D3-89DA-47D7-8617-CF6C88E883BF}.Release|Any CPU.Build.0 = Release|Any CPU
		{57C2E07A-6787-46DA-B8FF-231526505B74}.Debug|Any CPU.ActiveCfg = Debug|Any CPU
		{57C2E07A-6787-46DA-B8FF-231526505B74}.Debug|Any CPU.Build.0 = Debug|Any CPU
		{57C2E07A-6787-46DA-B8FF-231526505B74}.Release|Any CPU.ActiveCfg = Release|Any CPU
		{57C2E07A-6787-46DA-B8FF-231526505B74}.Release|Any CPU.Build.0 = Release|Any CPU
		{235F4DE2-D2D3-4914-970A-1933A4890F6B}.Debug|Any CPU.ActiveCfg = Debug|Any CPU
		{235F4DE2-D2D3-4914-970A-1933A4890F6B}.Debug|Any CPU.Build.0 = Debug|Any CPU
		{235F4DE2-D2D3-4914-970A-1933A4890F6B}.Release|Any CPU.ActiveCfg = Release|Any CPU
		{235F4DE2-D2D3-4914-970A-1933A4890F6B}.Release|Any CPU.Build.0 = Release|Any CPU
	EndGlobalSection
	GlobalSection(SolutionProperties) = preSolution
		HideSolutionNode = FALSE
	EndGlobalSection
	GlobalSection(ExtensibilityGlobals) = postSolution
		SolutionGuid = {B503F91F-128C-44F6-9D81-EBA5960622C2}
	EndGlobalSection
EndGlobal
